
Microsoft Visual Studio Solution File, Format Version 12.00
# Visual Studio Version 16
VisualStudioVersion = 16.0.32602.291
MinimumVisualStudioVersion = 10.0.40219.1
Project("{FAE04EC0-301F-11D3-BF4B-00C04F79EFBC}") = "WPFTest", "WPFTest\WPFTest.csproj", "{FA6B463A-FA79-4679-B7CC-DF81D59F0A87}"
EndProject
Global
	GlobalSection(SolutionConfigurationPlatforms) = preSolution
		Debug|Any CPU = Debug|Any CPU
		Release|Any CPU = Release|Any CPU
	EndGlobalSection
	GlobalSection(ProjectConfigurationPlatforms) = postSolution
		{FA6B463A-FA79-4679-B7CC-DF81D59F0A87}.Debug|Any CPU.ActiveCfg = Debug|Any CPU
		{FA6B463A-FA79-4679-B7CC-DF81D59F0A87}.Debug|Any CPU.Build.0 = Debug|Any CPU
		{FA6B463A-FA79-4679-B7CC-DF81D59F0A87}.Release|Any CPU.ActiveCfg = Release|Any CPU
		{FA6B463A-FA79-4679-B7CC-DF81D59F0A87}.Release|Any CPU.Build.0 = Release|Any CPU
	EndGlobalSection
	GlobalSection(SolutionProperties) = preSolution
		HideSolutionNode = FALSE
	EndGlobalSection
	GlobalSection(ExtensibilityGlobals) = postSolution
		SolutionGuid = {C5F61E14-333C-491D-8113-BCB0CE1C67C1}
	EndGlobalSection
EndGlobal
